
Microsoft Visual Studio Solution File, Format Version 12.00
Project("{FAE04EC0-301F-11D3-BF4B-00C04F79EFBC}") = "Student2.Server", "Student2.Server\Student2.Server.csproj", "{2D63033D-855D-4C7C-9A32-54CAE7220B84}"
EndProject
Global
	GlobalSection(SolutionConfigurationPlatforms) = preSolution
		Debug|Any CPU = Debug|Any CPU
		Release|Any CPU = Release|Any CPU
	EndGlobalSection
	GlobalSection(ProjectConfigurationPlatforms) = postSolution
		{2D63033D-855D-4C7C-9A32-54CAE7220B84}.Debug|Any CPU.ActiveCfg = Debug|Any CPU
		{2D63033D-855D-4C7C-9A32-54CAE7220B84}.Debug|Any CPU.Build.0 = Debug|Any CPU
		{2D63033D-855D-4C7C-9A32-54CAE7220B84}.Release|Any CPU.ActiveCfg = Release|Any CPU
		{2D63033D-855D-4C7C-9A32-54CAE7220B84}.Release|Any CPU.Build.0 = Release|Any CPU
	EndGlobalSection
EndGlobal
